
Microsoft Visual Studio Solution File, Format Version 12.00
# Visual Studio Version 16
VisualStudioVersion = 16.0.30611.23
MinimumVisualStudioVersion = 10.0.40219.1
Project("{FAE04EC0-301F-11D3-BF4B-00C04F79EFBC}") = "Opdracht_Linq", "Opdracht_Linq\Opdracht_Linq.csproj", "{C0960D2A-18AA-45B2-9FC0-E15DED5DD4FD}"
EndProject
Project("{FAE04EC0-301F-11D3-BF4B-00C04F79EFBC}") = "ConsoleApp", "ConsoleApp\ConsoleApp.csproj", "{AAB10B74-7CFF-408B-A041-B600C65B3DB5}"
EndProject
Global
	GlobalSection(SolutionConfigurationPlatforms) = preSolution
		Debug|Any CPU = Debug|Any CPU
		Release|Any CPU = Release|Any CPU
	EndGlobalSection
	GlobalSection(ProjectConfigurationPlatforms) = postSolution
		{C0960D2A-18AA-45B2-9FC0-E15DED5DD4FD}.Debug|Any CPU.ActiveCfg = Debug|Any CPU
		{C0960D2A-18AA-45B2-9FC0-E15DED5DD4FD}.Debug|Any CPU.Build.0 = Debug|Any CPU
		{C0960D2A-18AA-45B2-9FC0-E15DED5DD4FD}.Release|Any CPU.ActiveCfg = Release|Any CPU
		{C0960D2A-18AA-45B2-9FC0-E15DED5DD4FD}.Release|Any CPU.Build.0 = Release|Any CPU
		{AAB10B74-7CFF-408B-A041-B600C65B3DB5}.Debug|Any CPU.ActiveCfg = Debug|Any CPU
		{AAB10B74-7CFF-408B-A041-B600C65B3DB5}.Debug|Any CPU.Build.0 = Debug|Any CPU
		{AAB10B74-7CFF-408B-A041-B600C65B3DB5}.Release|Any CPU.ActiveCfg = Release|Any CPU
		{AAB10B74-7CFF-408B-A041-B600C65B3DB5}.Release|Any CPU.Build.0 = Release|Any CPU
	EndGlobalSection
	GlobalSection(SolutionProperties) = preSolution
		HideSolutionNode = FALSE
	EndGlobalSection
	GlobalSection(ExtensibilityGlobals) = postSolution
		SolutionGuid = {64EF74A4-036A-4E25-BF96-5EBD26AC520C}
	EndGlobalSection
EndGlobal
